
Microsoft Visual Studio Solution File, Format Version 12.00
# Visual Studio Version 17
VisualStudioVersion = 17.6.33815.320
MinimumVisualStudioVersion = 10.0.40219.1
Project("{FAE04EC0-301F-11D3-BF4B-00C04F79EFBC}") = "Deliverable_1", "Deliverable_1\Deliverable_1.csproj", "{70B25112-9C71-4408-8161-2D34333103E9}"
EndProject
Global
	GlobalSection(SolutionConfigurationPlatforms) = preSolution
		Debug|Any CPU = Debug|Any CPU
		Release|Any CPU = Release|Any CPU
	EndGlobalSection
	GlobalSection(ProjectConfigurationPlatforms) = postSolution
		{70B25112-9C71-4408-8161-2D34333103E9}.Debug|Any CPU.ActiveCfg = Debug|Any CPU
		{70B25112-9C71-4408-8161-2D34333103E9}.Debug|Any CPU.Build.0 = Debug|Any CPU
		{70B25112-9C71-4408-8161-2D34333103E9}.Release|Any CPU.ActiveCfg = Release|Any CPU
		{70B25112-9C71-4408-8161-2D34333103E9}.Release|Any CPU.Build.0 = Release|Any CPU
	EndGlobalSection
	GlobalSection(SolutionProperties) = preSolution
		HideSolutionNode = FALSE
	EndGlobalSection
	GlobalSection(ExtensibilityGlobals) = postSolution
		SolutionGuid = {420B0A8D-E4F1-4385-8EB7-A7B89B41F163}
	EndGlobalSection
EndGlobal
